
Microsoft Visual Studio Solution File, Format Version 12.00
# Visual Studio Version 17
VisualStudioVersion = 17.14.36310.24 d17.14
MinimumVisualStudioVersion = 10.0.40219.1
Project("{FAE04EC0-301F-11D3-BF4B-00C04F79EFBC}") = "KEP", "KEP\KEP.csproj", "{04BCA186-2FCA-4928-9855-06D3BFDEACEC}"
EndProject
Global
	GlobalSection(SolutionConfigurationPlatforms) = preSolution
		Debug|Any CPU = Debug|Any CPU
		Release|Any CPU = Release|Any CPU
	EndGlobalSection
	GlobalSection(ProjectConfigurationPlatforms) = postSolution
		{04BCA186-2FCA-4928-9855-06D3BFDEACEC}.Debug|Any CPU.ActiveCfg = Debug|Any CPU
		{04BCA186-2FCA-4928-9855-06D3BFDEACEC}.Debug|Any CPU.Build.0 = Debug|Any CPU
		{04BCA186-2FCA-4928-9855-06D3BFDEACEC}.Release|Any CPU.ActiveCfg = Release|Any CPU
		{04BCA186-2FCA-4928-9855-06D3BFDEACEC}.Release|Any CPU.Build.0 = Release|Any CPU
	EndGlobalSection
	GlobalSection(SolutionProperties) = preSolution
		HideSolutionNode = FALSE
	EndGlobalSection
	GlobalSection(ExtensibilityGlobals) = postSolution
		SolutionGuid = {5D3DFC82-7DA6-4D22-B562-093E163BAC1F}
	EndGlobalSection
EndGlobal
